
Microsoft Visual Studio Solution File, Format Version 12.00
# Visual Studio Version 16
VisualStudioVersion = 16.0.30503.244
MinimumVisualStudioVersion = 10.0.40219.1
Project("{FAE04EC0-301F-11D3-BF4B-00C04F79EFBC}") = "Formulář3", "Formulář3\Formulář3.csproj", "{635EEA4B-D465-44DB-B995-207199861CEF}"
EndProject
Global
	GlobalSection(SolutionConfigurationPlatforms) = preSolution
		Debug|Any CPU = Debug|Any CPU
		Release|Any CPU = Release|Any CPU
	EndGlobalSection
	GlobalSection(ProjectConfigurationPlatforms) = postSolution
		{635EEA4B-D465-44DB-B995-207199861CEF}.Debug|Any CPU.ActiveCfg = Debug|Any CPU
		{635EEA4B-D465-44DB-B995-207199861CEF}.Debug|Any CPU.Build.0 = Debug|Any CPU
		{635EEA4B-D465-44DB-B995-207199861CEF}.Release|Any CPU.ActiveCfg = Release|Any CPU
		{635EEA4B-D465-44DB-B995-207199861CEF}.Release|Any CPU.Build.0 = Release|Any CPU
	EndGlobalSection
	GlobalSection(SolutionProperties) = preSolution
		HideSolutionNode = FALSE
	EndGlobalSection
	GlobalSection(ExtensibilityGlobals) = postSolution
		SolutionGuid = {19594213-99D5-4EE8-A6DF-BF351056C9DF}
	EndGlobalSection
EndGlobal
